
Microsoft Visual Studio Solution File, Format Version 11.00
# Visual C# Express 2010
Project("{FAE04EC0-301F-11D3-BF4B-00C04F79EFBC}") = "CSReportDll", "CSReport\CSReportDll\Codigo\CSReportDll\CSReportDll.csproj", "{9A3F2CA3-2093-47AF-9B48-2CE6B1636245}"
EndProject
Project("{FAE04EC0-301F-11D3-BF4B-00C04F79EFBC}") = "CSReportPaint", "CSReport\CSReportPaint\Codigo\CSReportPaint\CSReportPaint.csproj", "{E448F39C-75BC-42FC-8E4A-9110D60EECE4}"
EndProject
Project("{FAE04EC0-301F-11D3-BF4B-00C04F79EFBC}") = "CSConnect", "CSReport\CSConnect\Codigo\CSConnect\CSConnect.csproj", "{7510477C-4A64-4074-B93B-811F49E7E8F2}"
EndProject
Project("{FAE04EC0-301F-11D3-BF4B-00C04F79EFBC}") = "CSIReportPrint", "CSReport\CSIReportPrint\Codigo\CSIReportPrint\CSIReportPrint.csproj", "{33EB467A-CDEF-426E-AFA3-0E2CA9E2E8AA}"
EndProject
Project("{FAE04EC0-301F-11D3-BF4B-00C04F79EFBC}") = "CSChartServer", "CSChart\Codigo\CSChartServer\CSChartServer.csproj", "{6D39EA9F-6588-42E6-A1AD-20065E5F494E}"
EndProject
Project("{FAE04EC0-301F-11D3-BF4B-00C04F79EFBC}") = "CSKernelNumberToString", "CSKernel\Codigo\CSKernelNumberToString\CSKernelNumberToString.csproj", "{C01398D1-387A-4586-9224-EA1096D9B5F9}"
EndProject
Project("{FAE04EC0-301F-11D3-BF4B-00C04F79EFBC}") = "CSReportPreview", "CSReport\CSReportPreview\Codigo\CSReportPreview\CSReportPreview.csproj", "{EC467EFD-5B68-485A-910E-E2F19699E072}"
EndProject
Project("{FAE04EC0-301F-11D3-BF4B-00C04F79EFBC}") = "CSKernelClient", "CSKernel\Codigo\CSKernelClient\CSKernelClient.csproj", "{B3932376-5FEA-4C07-9709-663989C7ECF2}"
EndProject
Project("{FAE04EC0-301F-11D3-BF4B-00C04F79EFBC}") = "CSKernelFile", "CSKernel\Codigo\CSKernelFile\CSKernelFile\CSKernelFile.csproj", "{0B54F3BA-C9D6-4758-8CB7-1CE9CC3A30C4}"
EndProject
Project("{FAE04EC0-301F-11D3-BF4B-00C04F79EFBC}") = "CSXML", "CSXml\Codigo\CSXML\CSXML.csproj", "{3C4B821A-34FD-4383-A9BC-8964E13DABCF}"
EndProject
Project("{FAE04EC0-301F-11D3-BF4B-00C04F79EFBC}") = "CSOAPI", "CSOAPI\Codigo\CSOAPI\CSOAPI.csproj", "{27D1E082-1492-438B-BBE5-A63D1F380C5F}"
EndProject
Project("{FAE04EC0-301F-11D3-BF4B-00C04F79EFBC}") = "CSDataBase", "CSDataBase\Codigo\CSDataBase\CSDataBase.csproj", "{A02FE16D-0B24-467E-BA97-6E1C1213AD46}"
EndProject
Project("{FAE04EC0-301F-11D3-BF4B-00C04F79EFBC}") = "CSAssocFile", "CSAssocFile\Codigo\CSAssocFile\CSAssocFile.csproj", "{BB7F45EB-BC34-413F-8327-7FE8453ABAE7}"
EndProject
Project("{FAE04EC0-301F-11D3-BF4B-00C04F79EFBC}") = "CSReportExport", "CSReportExport\Codigo\CSReportExport\CSReportExport.csproj", "{9394BEBF-3F95-4EEF-B763-F79687304DEE}"
EndProject
Project("{FAE04EC0-301F-11D3-BF4B-00C04F79EFBC}") = "CSReportGlobals", "CSReport\CSReportGlobals\Codigo\CSReportGlobals\CSReportGlobals.csproj", "{6018C911-1404-462B-9FA7-31904D56813A}"
EndProject
Project("{FAE04EC0-301F-11D3-BF4B-00C04F79EFBC}") = "CSReportEditor", "CSReport\CSReportEditor\Codigo\CSReportEditor\CSReportEditor.csproj", "{273C5ECF-DB2A-4E01-A4B3-C73B8D37374E}"
EndProject
Global
	GlobalSection(SolutionConfigurationPlatforms) = preSolution
		Debug|Any CPU = Debug|Any CPU
		Debug|Mixed Platforms = Debug|Mixed Platforms
		Debug|x86 = Debug|x86
		Release|Any CPU = Release|Any CPU
		Release|Mixed Platforms = Release|Mixed Platforms
		Release|x86 = Release|x86
	EndGlobalSection
	GlobalSection(ProjectConfigurationPlatforms) = postSolution
		{9A3F2CA3-2093-47AF-9B48-2CE6B1636245}.Debug|Any CPU.ActiveCfg = Debug|Any CPU
		{9A3F2CA3-2093-47AF-9B48-2CE6B1636245}.Debug|Any CPU.Build.0 = Debug|Any CPU
		{9A3F2CA3-2093-47AF-9B48-2CE6B1636245}.Debug|Mixed Platforms.ActiveCfg = Debug|Any CPU
		{9A3F2CA3-2093-47AF-9B48-2CE6B1636245}.Debug|Mixed Platforms.Build.0 = Debug|Any CPU
		{9A3F2CA3-2093-47AF-9B48-2CE6B1636245}.Debug|x86.ActiveCfg = Debug|Any CPU
		{9A3F2CA3-2093-47AF-9B48-2CE6B1636245}.Debug|x86.Build.0 = Debug|Any CPU
		{9A3F2CA3-2093-47AF-9B48-2CE6B1636245}.Release|Any CPU.ActiveCfg = Release|Any CPU
		{9A3F2CA3-2093-47AF-9B48-2CE6B1636245}.Release|Any CPU.Build.0 = Release|Any CPU
		{9A3F2CA3-2093-47AF-9B48-2CE6B1636245}.Release|Mixed Platforms.ActiveCfg = Release|Any CPU
		{9A3F2CA3-2093-47AF-9B48-2CE6B1636245}.Release|Mixed Platforms.Build.0 = Release|Any CPU
		{9A3F2CA3-2093-47AF-9B48-2CE6B1636245}.Release|x86.ActiveCfg = Release|Any CPU
		{E448F39C-75BC-42FC-8E4A-9110D60EECE4}.Debug|Any CPU.ActiveCfg = Debug|Any CPU
		{E448F39C-75BC-42FC-8E4A-9110D60EECE4}.Debug|Any CPU.Build.0 = Debug|Any CPU
		{E448F39C-75BC-42FC-8E4A-9110D60EECE4}.Debug|Mixed Platforms.ActiveCfg = Debug|Any CPU
		{E448F39C-75BC-42FC-8E4A-9110D60EECE4}.Debug|Mixed Platforms.Build.0 = Debug|Any CPU
		{E448F39C-75BC-42FC-8E4A-9110D60EECE4}.Debug|x86.ActiveCfg = Debug|Any CPU
		{E448F39C-75BC-42FC-8E4A-9110D60EECE4}.Debug|x86.Build.0 = Debug|Any CPU
		{E448F39C-75BC-42FC-8E4A-9110D60EECE4}.Release|Any CPU.ActiveCfg = Release|Any CPU
		{E448F39C-75BC-42FC-8E4A-9110D60EECE4}.Release|Any CPU.Build.0 = Release|Any CPU
		{E448F39C-75BC-42FC-8E4A-9110D60EECE4}.Release|Mixed Platforms.ActiveCfg = Release|Any CPU
		{E448F39C-75BC-42FC-8E4A-9110D60EECE4}.Release|Mixed Platforms.Build.0 = Release|Any CPU
		{E448F39C-75BC-42FC-8E4A-9110D60EECE4}.Release|x86.ActiveCfg = Release|Any CPU
		{7510477C-4A64-4074-B93B-811F49E7E8F2}.Debug|Any CPU.ActiveCfg = Debug|Any CPU
		{7510477C-4A64-4074-B93B-811F49E7E8F2}.Debug|Any CPU.Build.0 = Debug|Any CPU
		{7510477C-4A64-4074-B93B-811F49E7E8F2}.Debug|Mixed Platforms.ActiveCfg = Debug|Any CPU
		{7510477C-4A64-4074-B93B-811F49E7E8F2}.Debug|Mixed Platforms.Build.0 = Debug|Any CPU
		{7510477C-4A64-4074-B93B-811F49E7E8F2}.Debug|x86.ActiveCfg = Debug|Any CPU
		{7510477C-4A64-4074-B93B-811F49E7E8F2}.Debug|x86.Build.0 = Debug|Any CPU
		{7510477C-4A64-4074-B93B-811F49E7E8F2}.Release|Any CPU.ActiveCfg = Release|Any CPU
		{7510477C-4A64-4074-B93B-811F49E7E8F2}.Release|Any CPU.Build.0 = Release|Any CPU
		{7510477C-4A64-4074-B93B-811F49E7E8F2}.Release|Mixed Platforms.ActiveCfg = Release|Any CPU
		{7510477C-4A64-4074-B93B-811F49E7E8F2}.Release|Mixed Platforms.Build.0 = Release|Any CPU
		{7510477C-4A64-4074-B93B-811F49E7E8F2}.Release|x86.ActiveCfg = Release|Any CPU
		{33EB467A-CDEF-426E-AFA3-0E2CA9E2E8AA}.Debug|Any CPU.ActiveCfg = Debug|Any CPU
		{33EB467A-CDEF-426E-AFA3-0E2CA9E2E8AA}.Debug|Any CPU.Build.0 = Debug|Any CPU
		{33EB467A-CDEF-426E-AFA3-0E2CA9E2E8AA}.Debug|Mixed Platforms.ActiveCfg = Debug|Any CPU
		{33EB467A-CDEF-426E-AFA3-0E2CA9E2E8AA}.Debug|Mixed Platforms.Build.0 = Debug|Any CPU
		{33EB467A-CDEF-426E-AFA3-0E2CA9E2E8AA}.Debug|x86.ActiveCfg = Debug|Any CPU
		{33EB467A-CDEF-426E-AFA3-0E2CA9E2E8AA}.Debug|x86.Build.0 = Debug|Any CPU
		{33EB467A-CDEF-426E-AFA3-0E2CA9E2E8AA}.Release|Any CPU.ActiveCfg = Release|Any CPU
		{33EB467A-CDEF-426E-AFA3-0E2CA9E2E8AA}.Release|Any CPU.Build.0 = Release|Any CPU
		{33EB467A-CDEF-426E-AFA3-0E2CA9E2E8AA}.Release|Mixed Platforms.ActiveCfg = Release|Any CPU
		{33EB467A-CDEF-426E-AFA3-0E2CA9E2E8AA}.Release|Mixed Platforms.Build.0 = Release|Any CPU
		{33EB467A-CDEF-426E-AFA3-0E2CA9E2E8AA}.Release|x86.ActiveCfg = Release|Any CPU
		{6D39EA9F-6588-42E6-A1AD-20065E5F494E}.Debug|Any CPU.ActiveCfg = Debug|Any CPU
		{6D39EA9F-6588-42E6-A1AD-20065E5F494E}.Debug|Any CPU.Build.0 = Debug|Any CPU
		{6D39EA9F-6588-42E6-A1AD-20065E5F494E}.Debug|Mixed Platforms.ActiveCfg = Debug|Any CPU
		{6D39EA9F-6588-42E6-A1AD-20065E5F494E}.Debug|Mixed Platforms.Build.0 = Debug|Any CPU
		{6D39EA9F-6588-42E6-A1AD-20065E5F494E}.Debug|x86.ActiveCfg = Debug|Any CPU
		{6D39EA9F-6588-42E6-A1AD-20065E5F494E}.Debug|x86.Build.0 = Debug|Any CPU
		{6D39EA9F-6588-42E6-A1AD-20065E5F494E}.Release|Any CPU.ActiveCfg = Release|Any CPU
		{6D39EA9F-6588-42E6-A1AD-20065E5F494E}.Release|Any CPU.Build.0 = Release|Any CPU
		{6D39EA9F-6588-42E6-A1AD-20065E5F494E}.Release|Mixed Platforms.ActiveCfg = Release|Any CPU
		{6D39EA9F-6588-42E6-A1AD-20065E5F494E}.Release|Mixed Platforms.Build.0 = Release|Any CPU
		{6D39EA9F-6588-42E6-A1AD-20065E5F494E}.Release|x86.ActiveCfg = Release|Any CPU
		{C01398D1-387A-4586-9224-EA1096D9B5F9}.Debug|Any CPU.ActiveCfg = Debug|Any CPU
		{C01398D1-387A-4586-9224-EA1096D9B5F9}.Debug|Any CPU.Build.0 = Debug|Any CPU
		{C01398D1-387A-4586-9224-EA1096D9B5F9}.Debug|Mixed Platforms.ActiveCfg = Debug|Any CPU
		{C01398D1-387A-4586-9224-EA1096D9B5F9}.Debug|Mixed Platforms.Build.0 = Debug|Any CPU
		{C01398D1-387A-4586-9224-EA1096D9B5F9}.Debug|x86.ActiveCfg = Debug|Any CPU
		{C01398D1-387A-4586-9224-EA1096D9B5F9}.Debug|x86.Build.0 = Debug|Any CPU
		{C01398D1-387A-4586-9224-EA1096D9B5F9}.Release|Any CPU.ActiveCfg = Release|x86
		{C01398D1-387A-4586-9224-EA1096D9B5F9}.Release|Mixed Platforms.ActiveCfg = Release|x86
		{C01398D1-387A-4586-9224-EA1096D9B5F9}.Release|Mixed Platforms.Build.0 = Release|x86
		{C01398D1-387A-4586-9224-EA1096D9B5F9}.Release|x86.ActiveCfg = Release|x86
		{C01398D1-387A-4586-9224-EA1096D9B5F9}.Release|x86.Build.0 = Release|x86
		{EC467EFD-5B68-485A-910E-E2F19699E072}.Debug|Any CPU.ActiveCfg = Debug|Any CPU
		{EC467EFD-5B68-485A-910E-E2F19699E072}.Debug|Any CPU.Build.0 = Debug|Any CPU
		{EC467EFD-5B68-485A-910E-E2F19699E072}.Debug|Mixed Platforms.ActiveCfg = Debug|Any CPU
		{EC467EFD-5B68-485A-910E-E2F19699E072}.Debug|Mixed Platforms.Build.0 = Debug|Any CPU
		{EC467EFD-5B68-485A-910E-E2F19699E072}.Debug|x86.ActiveCfg = Debug|Any CPU
		{EC467EFD-5B68-485A-910E-E2F19699E072}.Debug|x86.Build.0 = Debug|Any CPU
		{EC467EFD-5B68-485A-910E-E2F19699E072}.Release|Any CPU.ActiveCfg = Release|Any CPU
		{EC467EFD-5B68-485A-910E-E2F19699E072}.Release|Any CPU.Build.0 = Release|Any CPU
		{EC467EFD-5B68-485A-910E-E2F19699E072}.Release|Mixed Platforms.ActiveCfg = Release|Any CPU
		{EC467EFD-5B68-485A-910E-E2F19699E072}.Release|Mixed Platforms.Build.0 = Release|Any CPU
		{EC467EFD-5B68-485A-910E-E2F19699E072}.Release|x86.ActiveCfg = Release|Any CPU
		{B3932376-5FEA-4C07-9709-663989C7ECF2}.Debug|Any CPU.ActiveCfg = Debug|Any CPU
		{B3932376-5FEA-4C07-9709-663989C7ECF2}.Debug|Any CPU.Build.0 = Debug|Any CPU
		{B3932376-5FEA-4C07-9709-663989C7ECF2}.Debug|Mixed Platforms.ActiveCfg = Debug|Any CPU
		{B3932376-5FEA-4C07-9709-663989C7ECF2}.Debug|Mixed Platforms.Build.0 = Debug|Any CPU
		{B3932376-5FEA-4C07-9709-663989C7ECF2}.Debug|x86.ActiveCfg = Debug|Any CPU
		{B3932376-5FEA-4C07-9709-663989C7ECF2}.Debug|x86.Build.0 = Debug|Any CPU
		{B3932376-5FEA-4C07-9709-663989C7ECF2}.Release|Any CPU.ActiveCfg = Release|Any CPU
		{B3932376-5FEA-4C07-9709-663989C7ECF2}.Release|Any CPU.Build.0 = Release|Any CPU
		{B3932376-5FEA-4C07-9709-663989C7ECF2}.Release|Mixed Platforms.ActiveCfg = Release|Any CPU
		{B3932376-5FEA-4C07-9709-663989C7ECF2}.Release|Mixed Platforms.Build.0 = Release|Any CPU
		{B3932376-5FEA-4C07-9709-663989C7ECF2}.Release|x86.ActiveCfg = Release|Any CPU
		{0B54F3BA-C9D6-4758-8CB7-1CE9CC3A30C4}.Debug|Any CPU.ActiveCfg = Debug|Any CPU
		{0B54F3BA-C9D6-4758-8CB7-1CE9CC3A30C4}.Debug|Any CPU.Build.0 = Debug|Any CPU
		{0B54F3BA-C9D6-4758-8CB7-1CE9CC3A30C4}.Debug|Mixed Platforms.ActiveCfg = Debug|Any CPU
		{0B54F3BA-C9D6-4758-8CB7-1CE9CC3A30C4}.Debug|Mixed Platforms.Build.0 = Debug|Any CPU
		{0B54F3BA-C9D6-4758-8CB7-1CE9CC3A30C4}.Debug|x86.ActiveCfg = Debug|Any CPU
		{0B54F3BA-C9D6-4758-8CB7-1CE9CC3A30C4}.Debug|x86.Build.0 = Debug|Any CPU
		{0B54F3BA-C9D6-4758-8CB7-1CE9CC3A30C4}.Release|Any CPU.ActiveCfg = Release|Any CPU
		{0B54F3BA-C9D6-4758-8CB7-1CE9CC3A30C4}.Release|Any CPU.Build.0 = Release|Any CPU
		{0B54F3BA-C9D6-4758-8CB7-1CE9CC3A30C4}.Release|Mixed Platforms.ActiveCfg = Release|Any CPU
		{0B54F3BA-C9D6-4758-8CB7-1CE9CC3A30C4}.Release|Mixed Platforms.Build.0 = Release|Any CPU
		{0B54F3BA-C9D6-4758-8CB7-1CE9CC3A30C4}.Release|x86.ActiveCfg = Release|Any CPU
		{3C4B821A-34FD-4383-A9BC-8964E13DABCF}.Debug|Any CPU.ActiveCfg = Debug|Any CPU
		{3C4B821A-34FD-4383-A9BC-8964E13DABCF}.Debug|Any CPU.Build.0 = Debug|Any CPU
		{3C4B821A-34FD-4383-A9BC-8964E13DABCF}.Debug|Mixed Platforms.ActiveCfg = Debug|Any CPU
		{3C4B821A-34FD-4383-A9BC-8964E13DABCF}.Debug|Mixed Platforms.Build.0 = Debug|Any CPU
		{3C4B821A-34FD-4383-A9BC-8964E13DABCF}.Debug|x86.ActiveCfg = Debug|Any CPU
		{3C4B821A-34FD-4383-A9BC-8964E13DABCF}.Debug|x86.Build.0 = Debug|Any CPU
		{3C4B821A-34FD-4383-A9BC-8964E13DABCF}.Release|Any CPU.ActiveCfg = Release|Any CPU
		{3C4B821A-34FD-4383-A9BC-8964E13DABCF}.Release|Any CPU.Build.0 = Release|Any CPU
		{3C4B821A-34FD-4383-A9BC-8964E13DABCF}.Release|Mixed Platforms.ActiveCfg = Release|Any CPU
		{3C4B821A-34FD-4383-A9BC-8964E13DABCF}.Release|Mixed Platforms.Build.0 = Release|Any CPU
		{3C4B821A-34FD-4383-A9BC-8964E13DABCF}.Release|x86.ActiveCfg = Release|Any CPU
		{27D1E082-1492-438B-BBE5-A63D1F380C5F}.Debug|Any CPU.ActiveCfg = Debug|Any CPU
		{27D1E082-1492-438B-BBE5-A63D1F380C5F}.Debug|Any CPU.Build.0 = Debug|Any CPU
		{27D1E082-1492-438B-BBE5-A63D1F380C5F}.Debug|Mixed Platforms.ActiveCfg = Debug|Any CPU
		{27D1E082-1492-438B-BBE5-A63D1F380C5F}.Debug|Mixed Platforms.Build.0 = Debug|Any CPU
		{27D1E082-1492-438B-BBE5-A63D1F380C5F}.Debug|x86.ActiveCfg = Debug|Any CPU
		{27D1E082-1492-438B-BBE5-A63D1F380C5F}.Debug|x86.Build.0 = Debug|Any CPU
		{27D1E082-1492-438B-BBE5-A63D1F380C5F}.Release|Any CPU.ActiveCfg = Release|Any CPU
		{27D1E082-1492-438B-BBE5-A63D1F380C5F}.Release|Any CPU.Build.0 = Release|Any CPU
		{27D1E082-1492-438B-BBE5-A63D1F380C5F}.Release|Mixed Platforms.ActiveCfg = Release|Any CPU
		{27D1E082-1492-438B-BBE5-A63D1F380C5F}.Release|Mixed Platforms.Build.0 = Release|Any CPU
		{27D1E082-1492-438B-BBE5-A63D1F380C5F}.Release|x86.ActiveCfg = Release|Any CPU
		{A02FE16D-0B24-467E-BA97-6E1C1213AD46}.Debug|Any CPU.ActiveCfg = Debug|Any CPU
		{A02FE16D-0B24-467E-BA97-6E1C1213AD46}.Debug|Any CPU.Build.0 = Debug|Any CPU
		{A02FE16D-0B24-467E-BA97-6E1C1213AD46}.Debug|Mixed Platforms.ActiveCfg = Debug|Any CPU
		{A02FE16D-0B24-467E-BA97-6E1C1213AD46}.Debug|Mixed Platforms.Build.0 = Debug|Any CPU
		{A02FE16D-0B24-467E-BA97-6E1C1213AD46}.Debug|x86.ActiveCfg = Debug|Any CPU
		{A02FE16D-0B24-467E-BA97-6E1C1213AD46}.Debug|x86.Build.0 = Debug|Any CPU
		{A02FE16D-0B24-467E-BA97-6E1C1213AD46}.Release|Any CPU.ActiveCfg = Release|Any CPU
		{A02FE16D-0B24-467E-BA97-6E1C1213AD46}.Release|Any CPU.Build.0 = Release|Any CPU
		{A02FE16D-0B24-467E-BA97-6E1C1213AD46}.Release|Mixed Platforms.ActiveCfg = Release|Any CPU
		{A02FE16D-0B24-467E-BA97-6E1C1213AD46}.Release|Mixed Platforms.Build.0 = Release|Any CPU
		{A02FE16D-0B24-467E-BA97-6E1C1213AD46}.Release|x86.ActiveCfg = Release|Any CPU
		{BB7F45EB-BC34-413F-8327-7FE8453ABAE7}.Debug|Any CPU.ActiveCfg = Debug|Any CPU
		{BB7F45EB-BC34-413F-8327-7FE8453ABAE7}.Debug|Any CPU.Build.0 = Debug|Any CPU
		{BB7F45EB-BC34-413F-8327-7FE8453ABAE7}.Debug|Mixed Platforms.ActiveCfg = Debug|Any CPU
		{BB7F45EB-BC34-413F-8327-7FE8453ABAE7}.Debug|Mixed Platforms.Build.0 = Debug|Any CPU
		{BB7F45EB-BC34-413F-8327-7FE8453ABAE7}.Debug|x86.ActiveCfg = Debug|Any CPU
		{BB7F45EB-BC34-413F-8327-7FE8453ABAE7}.Debug|x86.Build.0 = Debug|Any CPU
		{BB7F45EB-BC34-413F-8327-7FE8453ABAE7}.Release|Any CPU.ActiveCfg = Release|Any CPU
		{BB7F45EB-BC34-413F-8327-7FE8453ABAE7}.Release|Any CPU.Build.0 = Release|Any CPU
		{BB7F45EB-BC34-413F-8327-7FE8453ABAE7}.Release|Mixed Platforms.ActiveCfg = Release|Any CPU
		{BB7F45EB-BC34-413F-8327-7FE8453ABAE7}.Release|Mixed Platforms.Build.0 = Release|Any CPU
		{BB7F45EB-BC34-413F-8327-7FE8453ABAE7}.Release|x86.ActiveCfg = Release|Any CPU
		{9394BEBF-3F95-4EEF-B763-F79687304DEE}.Debug|Any CPU.ActiveCfg = Debug|Any CPU
		{9394BEBF-3F95-4EEF-B763-F79687304DEE}.Debug|Any CPU.Build.0 = Debug|Any CPU
		{9394BEBF-3F95-4EEF-B763-F79687304DEE}.Debug|Mixed Platforms.ActiveCfg = Debug|Any CPU
		{9394BEBF-3F95-4EEF-B763-F79687304DEE}.Debug|Mixed Platforms.Build.0 = Debug|Any CPU
		{9394BEBF-3F95-4EEF-B763-F79687304DEE}.Debug|x86.ActiveCfg = Debug|Any CPU
		{9394BEBF-3F95-4EEF-B763-F79687304DEE}.Debug|x86.Build.0 = Debug|Any CPU
		{9394BEBF-3F95-4EEF-B763-F79687304DEE}.Release|Any CPU.ActiveCfg = Release|Any CPU
		{9394BEBF-3F95-4EEF-B763-F79687304DEE}.Release|Any CPU.Build.0 = Release|Any CPU
		{9394BEBF-3F95-4EEF-B763-F79687304DEE}.Release|Mixed Platforms.ActiveCfg = Release|Any CPU
		{9394BEBF-3F95-4EEF-B763-F79687304DEE}.Release|Mixed Platforms.Build.0 = Release|Any CPU
		{9394BEBF-3F95-4EEF-B763-F79687304DEE}.Release|x86.ActiveCfg = Release|Any CPU
		{6018C911-1404-462B-9FA7-31904D56813A}.Debug|Any CPU.ActiveCfg = Debug|Any CPU
		{6018C911-1404-462B-9FA7-31904D56813A}.Debug|Any CPU.Build.0 = Debug|Any CPU
		{6018C911-1404-462B-9FA7-31904D56813A}.Debug|Mixed Platforms.ActiveCfg = Debug|Any CPU
		{6018C911-1404-462B-9FA7-31904D56813A}.Debug|Mixed Platforms.Build.0 = Debug|Any CPU
		{6018C911-1404-462B-9FA7-31904D56813A}.Debug|x86.ActiveCfg = Debug|Any CPU
		{6018C911-1404-462B-9FA7-31904D56813A}.Debug|x86.Build.0 = Debug|Any CPU
		{6018C911-1404-462B-9FA7-31904D56813A}.Release|Any CPU.ActiveCfg = Release|Any CPU
		{6018C911-1404-462B-9FA7-31904D56813A}.Release|Any CPU.Build.0 = Release|Any CPU
		{6018C911-1404-462B-9FA7-31904D56813A}.Release|Mixed Platforms.ActiveCfg = Release|Any CPU
		{6018C911-1404-462B-9FA7-31904D56813A}.Release|Mixed Platforms.Build.0 = Release|Any CPU
		{6018C911-1404-462B-9FA7-31904D56813A}.Release|x86.ActiveCfg = Release|Any CPU
		{273C5ECF-DB2A-4E01-A4B3-C73B8D37374E}.Debug|Any CPU.ActiveCfg = Debug|x86
		{273C5ECF-DB2A-4E01-A4B3-C73B8D37374E}.Debug|Mixed Platforms.ActiveCfg = Debug|x86
		{273C5ECF-DB2A-4E01-A4B3-C73B8D37374E}.Debug|Mixed Platforms.Build.0 = Debug|x86
		{273C5ECF-DB2A-4E01-A4B3-C73B8D37374E}.Debug|x86.ActiveCfg = Debug|x86
		{273C5ECF-DB2A-4E01-A4B3-C73B8D37374E}.Debug|x86.Build.0 = Debug|x86
		{273C5ECF-DB2A-4E01-A4B3-C73B8D37374E}.Release|Any CPU.ActiveCfg = Release|x86
		{273C5ECF-DB2A-4E01-A4B3-C73B8D37374E}.Release|Mixed Platforms.ActiveCfg = Release|x86
		{273C5ECF-DB2A-4E01-A4B3-C73B8D37374E}.Release|Mixed Platforms.Build.0 = Release|x86
		{273C5ECF-DB2A-4E01-A4B3-C73B8D37374E}.Release|x86.ActiveCfg = Release|x86
		{273C5ECF-DB2A-4E01-A4B3-C73B8D37374E}.Release|x86.Build.0 = Release|x86
	EndGlobalSection
	GlobalSection(SolutionProperties) = preSolution
		HideSolutionNode = FALSE
	EndGlobalSection
	GlobalSection(MonoDevelopProperties) = preSolution
		StartupItem = CSReport\CSReportEditor\Codigo\CSReportEditor\CSReportEditor.csproj
	EndGlobalSection
EndGlobal
